// !$*UTF8*$!
{
	archiveVersion = 1;
	classes = {
	};
	objectVersion = 50;
	objects = {

/* Begin PBXBuildFile section */
		7F0607E024DAE64300BDBA87 /* AppDelegate.swift in Sources */ = {isa = PBXBuildFile; fileRef = 7F0607DF24DAE64300BDBA87 /* AppDelegate.swift */; };
		7F0607E224DAE64300BDBA87 /* SceneDelegate.swift in Sources */ = {isa = PBXBuildFile; fileRef = 7F0607E124DAE64300BDBA87 /* SceneDelegate.swift */; };
		7F0607E424DAE64300BDBA87 /* ViewController.swift in Sources */ = {isa = PBXBuildFile; fileRef = 7F0607E324DAE64300BDBA87 /* ViewController.swift */; };
		7F0607E724DAE64300BDBA87 /* Main.storyboard in Resources */ = {isa = PBXBuildFile; fileRef = 7F0607E524DAE64300BDBA87 /* Main.storyboard */; };
		7F0607E924DAE64600BDBA87 /* Assets.xcassets in Resources */ = {isa = PBXBuildFile; fileRef = 7F0607E824DAE64600BDBA87 /* Assets.xcassets */; };
		7F0607EC24DAE64600BDBA87 /* LaunchScreen.storyboard in Resources */ = {isa = PBXBuildFile; fileRef = 7F0607EA24DAE64600BDBA87 /* LaunchScreen.storyboard */; };
		7F0607F424DB018C00BDBA87 /* Constants.swift in Sources */ = {isa = PBXBuildFile; fileRef = 7F0607F324DB018C00BDBA87 /* Constants.swift */; };
		7F0607F624DB046700BDBA87 /* Video.swift in Sources */ = {isa = PBXBuildFile; fileRef = 7F0607F524DB046700BDBA87 /* Video.swift */; };
		7F0607F824DB04AA00BDBA87 /* Model.swift in Sources */ = {isa = PBXBuildFile; fileRef = 7F0607F724DB04AA00BDBA87 /* Model.swift */; };
		7F2E7FDB24DB1F6E00E93B26 /* Response.swift in Sources */ = {isa = PBXBuildFile; fileRef = 7F2E7FDA24DB1F6E00E93B26 /* Response.swift */; };
		7F47B22624DB8127007E3D96 /* ConstantsTemplate.swift in Sources */ = {isa = PBXBuildFile; fileRef = 7F47B22524DB8127007E3D96 /* ConstantsTemplate.swift */; };
/* End PBXBuildFile section */

/* Begin PBXFileReference section */
		7F0607DC24DAE64300BDBA87 /* Youtube.app */ = {isa = PBXFileReference; explicitFileType = wrapper.application; includeInIndex = 0; path = Youtube.app; sourceTree = BUILT_PRODUCTS_DIR; };
		7F0607DF24DAE64300BDBA87 /* AppDelegate.swift */ = {isa = PBXFileReference; lastKnownFileType = sourcecode.swift; path = AppDelegate.swift; sourceTree = "<group>"; };
		7F0607E124DAE64300BDBA87 /* SceneDelegate.swift */ = {isa = PBXFileReference; lastKnownFileType = sourcecode.swift; path = SceneDelegate.swift; sourceTree = "<group>"; };
		7F0607E324DAE64300BDBA87 /* ViewController.swift */ = {isa = PBXFileReference; lastKnownFileType = sourcecode.swift; path = ViewController.swift; sourceTree = "<group>"; };
		7F0607E624DAE64300BDBA87 /* Base */ = {isa = PBXFileReference; lastKnownFileType = file.storyboard; name = Base; path = Base.lproj/Main.storyboard; sourceTree = "<group>"; };
		7F0607E824DAE64600BDBA87 /* Assets.xcassets */ = {isa = PBXFileReference; lastKnownFileType = folder.assetcatalog; path = Assets.xcassets; sourceTree = "<group>"; };
		7F0607EB24DAE64600BDBA87 /* Base */ = {isa = PBXFileReference; lastKnownFileType = file.storyboard; name = Base; path = Base.lproj/LaunchScreen.storyboard; sourceTree = "<group>"; };
		7F0607ED24DAE64600BDBA87 /* Info.plist */ = {isa = PBXFileReference; lastKnownFileType = text.plist.xml; path = Info.plist; sourceTree = "<group>"; };
		7F0607F324DB018C00BDBA87 /* Constants.swift */ = {isa = PBXFileReference; lastKnownFileType = sourcecode.swift; path = Constants.swift; sourceTree = "<group>"; };
		7F0607F524DB046700BDBA87 /* Video.swift */ = {isa = PBXFileReference; lastKnownFileType = sourcecode.swift; path = Video.swift; sourceTree = "<group>"; };
		7F0607F724DB04AA00BDBA87 /* Model.swift */ = {isa = PBXFileReference; lastKnownFileType = sourcecode.swift; path = Model.swift; sourceTree = "<group>"; };
		7F2E7FDA24DB1F6E00E93B26 /* Response.swift */ = {isa = PBXFileReference; lastKnownFileType = sourcecode.swift; path = Response.swift; sourceTree = "<group>"; };
		7F47B22524DB8127007E3D96 /* ConstantsTemplate.swift */ = {isa = PBXFileReference; lastKnownFileType = sourcecode.swift; path = ConstantsTemplate.swift; sourceTree = "<group>"; };
/* End PBXFileReference section */

/* Begin PBXFrameworksBuildPhase section */
		7F0607D924DAE64300BDBA87 /* Frameworks */ = {
			isa = PBXFrameworksBuildPhase;
			buildActionMask = 2147483647;
			files = (
			);
			runOnlyForDeploymentPostprocessing = 0;
		};
/* End PBXFrameworksBuildPhase section */

/* Begin PBXGroup section */
		7F0607D324DAE64300BDBA87 = {
			isa = PBXGroup;
			children = (
				7F0607DE24DAE64300BDBA87 /* Youtube */,
				7F0607DD24DAE64300BDBA87 /* Products */,
			);
			sourceTree = "<group>";
		};
		7F0607DD24DAE64300BDBA87 /* Products */ = {
			isa = PBXGroup;
			children = (
				7F0607DC24DAE64300BDBA87 /* Youtube.app */,
			);
			name = Products;
			sourceTree = "<group>";
		};
		7F0607DE24DAE64300BDBA87 /* Youtube */ = {
			isa = PBXGroup;
			children = (
				7F0607DF24DAE64300BDBA87 /* AppDelegate.swift */,
				7F0607E124DAE64300BDBA87 /* SceneDelegate.swift */,
				7F0607E324DAE64300BDBA87 /* ViewController.swift */,
				7F0607E524DAE64300BDBA87 /* Main.storyboard */,
				7F0607E824DAE64600BDBA87 /* Assets.xcassets */,
				7F0607EA24DAE64600BDBA87 /* LaunchScreen.storyboard */,
				7F0607ED24DAE64600BDBA87 /* Info.plist */,
				7F0607F324DB018C00BDBA87 /* Constants.swift */,
				7F0607F524DB046700BDBA87 /* Video.swift */,
				7F0607F724DB04AA00BDBA87 /* Model.swift */,
				7F2E7FDA24DB1F6E00E93B26 /* Response.swift */,
				7F47B22524DB8127007E3D96 /* ConstantsTemplate.swift */,
			);
			path = Youtube;
			sourceTree = "<group>";
		};
/* End PBXGroup section */

/* Begin PBXNativeTarget section */
		7F0607DB24DAE64300BDBA87 /* Youtube */ = {
			isa = PBXNativeTarget;
			buildConfigurationList = 7F0607F024DAE64600BDBA87 /* Build configuration list for PBXNativeTarget "Youtube" */;
			buildPhases = (
				7F0607D824DAE64300BDBA87 /* Sources */,
				7F0607D924DAE64300BDBA87 /* Frameworks */,
				7F0607DA24DAE64300BDBA87 /* Resources */,
			);
			buildRules = (
			);
			dependencies = (
			);
			name = Youtube;
			productName = Youtube;
			productReference = 7F0607DC24DAE64300BDBA87 /* Youtube.app */;
			productType = "com.apple.product-type.application";
		};
/* End PBXNativeTarget section */

/* Begin PBXProject section */
		7F0607D424DAE64300BDBA87 /* Project object */ = {
			isa = PBXProject;
			attributes = {
				LastSwiftUpdateCheck = 1140;
				LastUpgradeCheck = 1140;
				ORGANIZATIONNAME = "Andrew Krechmer";
				TargetAttributes = {
					7F0607DB24DAE64300BDBA87 = {
						CreatedOnToolsVersion = 11.4;
					};
				};
			};
			buildConfigurationList = 7F0607D724DAE64300BDBA87 /* Build configuration list for PBXProject "Youtube" */;
			compatibilityVersion = "Xcode 9.3";
			developmentRegion = en;
			hasScannedForEncodings = 0;
			knownRegions = (
				en,
				Base,
			);
			mainGroup = 7F0607D324DAE64300BDBA87;
			productRefGroup = 7F0607DD24DAE64300BDBA87 /* Products */;
			projectDirPath = "";
			projectRoot = "";
			targets = (
				7F0607DB24DAE64300BDBA87 /* Youtube */,
			);
		};
/* End PBXProject section */

/* Begin PBXResourcesBuildPhase section */
		7F0607DA24DAE64300BDBA87 /* Resources */ = {
			isa = PBXResourcesBuildPhase;
			buildActionMask = 2147483647;
			files = (
				7F0607EC24DAE64600BDBA87 /* LaunchScreen.storyboard in Resources */,
				7F0607E924DAE64600BDBA87 /* Assets.xcassets in Resources */,
				7F0607E724DAE64300BDBA87 /* Main.storyboard in Resources */,
			);
			runOnlyForDeploymentPostprocessing = 0;
		};
/* End PBXResourcesBuildPhase section */

/* Begin PBXSourcesBuildPhase section */
		7F0607D824DAE64300BDBA87 /* Sources */ = {
			isa = PBXSourcesBuildPhase;
			buildActionMask = 2147483647;
			files = (
				7F0607E424DAE64300BDBA87 /* ViewController.swift in Sources */,
				7F0607E024DAE64300BDBA87 /* AppDelegate.swift in Sources */,
				7F0607F424DB018C00BDBA87 /* Constants.swift in Sources */,
				7F47B22624DB8127007E3D96 /* ConstantsTemplate.swift in Sources */,
				7F0607F824DB04AA00BDBA87 /* Model.swift in Sources */,
				7F0607E224DAE64300BDBA87 /* SceneDelegate.swift in Sources */,
				7F0607F624DB046700BDBA87 /* Video.swift in Sources */,
				7F2E7FDB24DB1F6E00E93B26 /* Response.swift in Sources */,
			);
			runOnlyForDeploymentPostprocessing = 0;
		};
/* End PBXSourcesBuildPhase section */

/* Begin PBXVariantGroup section */
		7F0607E524DAE64300BDBA87 /* Main.storyboard */ = {
			isa = PBXVariantGroup;
			children = (
				7F0607E624DAE64300BDBA87 /* Base */,
			);
			name = Main.storyboard;
			sourceTree = "<group>";
		};
		7F0607EA24DAE64600BDBA87 /* LaunchScreen.storyboard */ = {
			isa = PBXVariantGroup;
			children = (
				7F0607EB24DAE64600BDBA87 /* Base */,
			);
			name = LaunchScreen.storyboard;
			sourceTree = "<group>";
		};
/* End PBXVariantGroup section */

/* Begin XCBuildConfiguration section */
		7F0607EE24DAE64600BDBA87 /* Debug */ = {
			isa = XCBuildConfiguration;
			buildSettings = {
				ALWAYS_SEARCH_USER_PATHS = NO;
				CLANG_ANALYZER_NONNULL = YES;
				CLANG_ANALYZER_NUMBER_OBJECT_CONVERSION = YES_AGGRESSIVE;
				CLANG_CXX_LANGUAGE_STANDARD = "gnu++14";
				CLANG_CXX_LIBRARY = "libc++";
				CLANG_ENABLE_MODULES = YES;
				CLANG_ENABLE_OBJC_ARC = YES;
				CLANG_ENABLE_OBJC_WEAK = YES;
				CLANG_WARN_BLOCK_CAPTURE_AUTORELEASING = YES;
				CLANG_WARN_BOOL_CONVERSION = YES;
				CLANG_WARN_COMMA = YES;
				CLANG_WARN_CONSTANT_CONVERSION = YES;
				CLANG_WARN_DEPRECATED_OBJC_IMPLEMENTATIONS = YES;
				CLANG_WARN_DIRECT_OBJC_ISA_USAGE = YES_ERROR;
				CLANG_WARN_DOCUMENTATION_COMMENTS = YES;
				CLANG_WARN_EMPTY_BODY = YES;
				CLANG_WARN_ENUM_CONVERSION = YES;
				CLANG_WARN_INFINITE_RECURSION = YES;
				CLANG_WARN_INT_CONVERSION = YES;
				CLANG_WARN_NON_LITERAL_NULL_CONVERSION = YES;
				CLANG_WARN_OBJC_IMPLICIT_RETAIN_SELF = YES;
				CLANG_WARN_OBJC_LITERAL_CONVERSION = YES;
				CLANG_WARN_OBJC_ROOT_CLASS = YES_ERROR;
				CLANG_WARN_RANGE_LOOP_ANALYSIS = YES;
				CLANG_WARN_STRICT_PROTOTYPES = YES;
				CLANG_WARN_SUSPICIOUS_MOVE = YES;
				CLANG_WARN_UNGUARDED_AVAILABILITY = YES_AGGRESSIVE;
				CLANG_WARN_UNREACHABLE_CODE = YES;
				CLANG_WARN__DUPLICATE_METHOD_MATCH = YES;
				COPY_PHASE_STRIP = NO;
				DEBUG_INFORMATION_FORMAT = dwarf;
				ENABLE_STRICT_OBJC_MSGSEND = YES;
				ENABLE_TESTABILITY = YES;
				GCC_C_LANGUAGE_STANDARD = gnu11;
				GCC_DYNAMIC_NO_PIC = NO;
				GCC_NO_COMMON_BLOCKS = YES;
				GCC_OPTIMIZATION_LEVEL = 0;
				GCC_PREPROCESSOR_DEFINITIONS = (
					"DEBUG=1",
					"$(inherited)",
				);
				GCC_WARN_64_TO_32_BIT_CONVERSION = YES;
				GCC_WARN_ABOUT_RETURN_TYPE = YES_ERROR;
				GCC_WARN_UNDECLARED_SELECTOR = YES;
				GCC_WARN_UNINITIALIZED_AUTOS = YES_AGGRESSIVE;
				GCC_WARN_UNUSED_FUNCTION = YES;
				GCC_WARN_UNUSED_VARIABLE = YES;
				IPHONEOS_DEPLOYMENT_TARGET = 13.4;
				MTL_ENABLE_DEBUG_INFO = INCLUDE_SOURCE;
				MTL_FAST_MATH = YES;
				ONLY_ACTIVE_ARCH = YES;
				SDKROOT = iphoneos;
				SWIFT_ACTIVE_COMPILATION_CONDITIONS = DEBUG;
				SWIFT_OPTIMIZATION_LEVEL = "-Onone";
			};
			name = Debug;
		};
		7F0607EF24DAE64600BDBA87 /* Release */ = {
			isa = XCBuildConfiguration;
			buildSettings = {
				ALWAYS_SEARCH_USER_PATHS = NO;
				CLANG_ANALYZER_NONNULL = YES;
				CLANG_ANALYZER_NUMBER_OBJECT_CONVERSION = YES_AGGRESSIVE;
				CLANG_CXX_LANGUAGE_STANDARD = "gnu++14";
				CLANG_CXX_LIBRARY = "libc++";
				CLANG_ENABLE_MODULES = YES;
				CLANG_ENABLE_OBJC_ARC = YES;
				CLANG_ENABLE_OBJC_WEAK = YES;
				CLANG_WARN_BLOCK_CAPTURE_AUTORELEASING = YES;
				CLANG_WARN_BOOL_CONVERSION = YES;
				CLANG_WARN_COMMA = YES;
				CLANG_WARN_CONSTANT_CONVERSION = YES;
				CLANG_WARN_DEPRECATED_OBJC_IMPLEMENTATIONS = YES;
				CLANG_WARN_DIRECT_OBJC_ISA_USAGE = YES_ERROR;
				CLANG_WARN_DOCUMENTATION_COMMENTS = YES;
				CLANG_WARN_EMPTY_BODY = YES;
				CLANG_WARN_ENUM_CONVERSION = YES;
				CLANG_WARN_INFINITE_RECURSION = YES;
				CLANG_WARN_INT_CONVERSION = YES;
				CLANG_WARN_NON_LITERAL_NULL_CONVERSION = YES;
				CLANG_WARN_OBJC_IMPLICIT_RETAIN_SELF = YES;
				CLANG_WARN_OBJC_LITERAL_CONVERSION = YES;
				CLANG_WARN_OBJC_ROOT_CLASS = YES_ERROR;
				CLANG_WARN_RANGE_LOOP_ANALYSIS = YES;
				CLANG_WARN_STRICT_PROTOTYPES = YES;
				CLANG_WARN_SUSPICIOUS_MOVE = YES;
				CLANG_WARN_UNGUARDED_AVAILABILITY = YES_AGGRESSIVE;
				CLANG_WARN_UNREACHABLE_CODE = YES;
				CLANG_WARN__DUPLICATE_METHOD_MATCH = YES;
				COPY_PHASE_STRIP = NO;
				DEBUG_INFORMATION_FORMAT = "dwarf-with-dsym";
				ENABLE_NS_ASSERTIONS = NO;
				ENABLE_STRICT_OBJC_MSGSEND = YES;
				GCC_C_LANGUAGE_STANDARD = gnu11;
				GCC_NO_COMMON_BLOCKS = YES;
				GCC_WARN_64_TO_32_BIT_CONVERSION = YES;
				GCC_WARN_ABOUT_RETURN_TYPE = YES_ERROR;
				GCC_WARN_UNDECLARED_SELECTOR = YES;
				GCC_WARN_UNINITIALIZED_AUTOS = YES_AGGRESSIVE;
				GCC_WARN_UNUSED_FUNCTION = YES;
				GCC_WARN_UNUSED_VARIABLE = YES;
				IPHONEOS_DEPLOYMENT_TARGET = 13.4;
				MTL_ENABLE_DEBUG_INFO = NO;
				MTL_FAST_MATH = YES;
				SDKROOT = iphoneos;
				SWIFT_COMPILATION_MODE = wholemodule;
				SWIFT_OPTIMIZATION_LEVEL = "-O";
				VALIDATE_PRODUCT = YES;
			};
			name = Release;
		};
		7F0607F124DAE64600BDBA87 /* Debug */ = {
			isa = XCBuildConfiguration;
			buildSettings = {
				ASSETCATALOG_COMPILER_APPICON_NAME = AppIcon;
				CODE_SIGN_STYLE = Automatic;
				DEVELOPMENT_TEAM = 5A5DD6ZMS8;
				INFOPLIST_FILE = Youtube/Info.plist;
				LD_RUNPATH_SEARCH_PATHS = (
					"$(inherited)",
					"@executable_path/Frameworks",
				);
				PRODUCT_BUNDLE_IDENTIFIER = com.AndrewKrechmer.Youtube;
				PRODUCT_NAME = "$(TARGET_NAME)";
				SWIFT_VERSION = 5.0;
				TARGETED_DEVICE_FAMILY = "1,2";
			};
			name = Debug;
		};
		7F0607F224DAE64600BDBA87 /* Release */ = {
			isa = XCBuildConfiguration;
			buildSettings = {
				ASSETCATALOG_COMPILER_APPICON_NAME = AppIcon;
				CODE_SIGN_STYLE = Automatic;
				DEVELOPMENT_TEAM = 5A5DD6ZMS8;
				INFOPLIST_FILE = Youtube/Info.plist;
				LD_RUNPATH_SEARCH_PATHS = (
					"$(inherited)",
					"@executable_path/Frameworks",
				);
				PRODUCT_BUNDLE_IDENTIFIER = com.AndrewKrechmer.Youtube;
				PRODUCT_NAME = "$(TARGET_NAME)";
				SWIFT_VERSION = 5.0;
				TARGETED_DEVICE_FAMILY = "1,2";
			};
			name = Release;
		};
/* End XCBuildConfiguration section */

/* Begin XCConfigurationList section */
		7F0607D724DAE64300BDBA87 /* Build configuration list for PBXProject "Youtube" */ = {
			isa = XCConfigurationList;
			buildConfigurations = (
				7F0607EE24DAE64600BDBA87 /* Debug */,
				7F0607EF24DAE64600BDBA87 /* Release */,
			);
			defaultConfigurationIsVisible = 0;
			defaultConfigurationName = Release;
		};
		7F0607F024DAE64600BDBA87 /* Build configuration list for PBXNativeTarget "Youtube" */ = {
			isa = XCConfigurationList;
			buildConfigurations = (
				7F0607F124DAE64600BDBA87 /* Debug */,
				7F0607F224DAE64600BDBA87 /* Release */,
			);
			defaultConfigurationIsVisible = 0;
			defaultConfigurationName = Release;
		};
/* End XCConfigurationList section */
	};
	rootObject = 7F0607D424DAE64300BDBA87 /* Project object */;
}
